dependencies:
- name: multi-backend-microservice
  repository: file://../microservice
  version: 0.1.0
- name: multi-backend-microservice
  repository: file://../microservice
  version: 0.1.0
digest: sha256:08e74df5750cdaac4602bad7a83daa906ff4924a13f655cb1a70244da281623e
generated: "2023-06-27T10:00:44.725192+02:00"
