dependencies:
- name: mongodb
  repository: https://charts.bitnami.com/bitnami
  version: 13.9.4
- name: multi-pwa
  repository: file://../../pwa
  version: 0.1.0
- name: multi-backend-microservice
  repository: file://../microservice
  version: 0.1.0
- name: multi-backend-microservice
  repository: file://../microservice
  version: 0.1.0
digest: sha256:c953a5e4061cd1b844fe26a77913155d44a6d06d75c0e4ceb01a7ff980b77ac3
generated: "2023-06-27T16:49:19.847643+02:00"
